
Microsoft Visual Studio Solution File, Format Version 12.00
# Visual Studio Version 17
VisualStudioVersion = 17.0.32014.148
MinimumVisualStudioVersion = 10.0.40219.1
Project("{FAE04EC0-301F-11D3-BF4B-00C04F79EFBC}") = "HomeAutomationApp.Android", "HomeAutomationApp\HomeAutomationApp.Android\HomeAutomationApp.Android.csproj", "{BB59A9CC-45F4-4E57-9523-3156BFD77FBA}"
EndProject
Project("{9A19103F-16F7-4668-BE54-9A1E7A4F7556}") = "HomeAutomationApp", "HomeAutomationApp\HomeAutomationApp\HomeAutomationApp.csproj", "{9B3CEC68-71D7-47D2-825A-9332A5356608}"
EndProject
Project("{FAE04EC0-301F-11D3-BF4B-00C04F79EFBC}") = "HomeAutomationWear", "HomeAutomationApp\HomeAutomationWear\HomeAutomationWear\HomeAutomationWear.csproj", "{FF4AEDD1-1E4B-400A-9199-E127D85FADBE}"
EndProject
Global
	GlobalSection(SolutionConfigurationPlatforms) = preSolution
		Debug|Any CPU = Debug|Any CPU
		Debug|ARM = Debug|ARM
		Debug|iPhone = Debug|iPhone
		Debug|iPhoneSimulator = Debug|iPhoneSimulator
		Debug|x64 = Debug|x64
		Debug|x86 = Debug|x86
		Release|Any CPU = Release|Any CPU
		Release|ARM = Release|ARM
		Release|iPhone = Release|iPhone
		Release|iPhoneSimulator = Release|iPhoneSimulator
		Release|x64 = Release|x64
		Release|x86 = Release|x86
	EndGlobalSection
	GlobalSection(ProjectConfigurationPlatforms) = postSolution
		{BB59A9CC-45F4-4E57-9523-3156BFD77FBA}.Debug|Any CPU.ActiveCfg = Debug|Any CPU
		{BB59A9CC-45F4-4E57-9523-3156BFD77FBA}.Debug|Any CPU.Build.0 = Debug|Any CPU
		{BB59A9CC-45F4-4E57-9523-3156BFD77FBA}.Debug|Any CPU.Deploy.0 = Debug|Any CPU
		{BB59A9CC-45F4-4E57-9523-3156BFD77FBA}.Debug|ARM.ActiveCfg = Debug|Any CPU
		{BB59A9CC-45F4-4E57-9523-3156BFD77FBA}.Debug|ARM.Build.0 = Debug|Any CPU
		{BB59A9CC-45F4-4E57-9523-3156BFD77FBA}.Debug|ARM.Deploy.0 = Debug|Any CPU
		{BB59A9CC-45F4-4E57-9523-3156BFD77FBA}.Debug|iPhone.ActiveCfg = Debug|Any CPU
		{BB59A9CC-45F4-4E57-9523-3156BFD77FBA}.Debug|iPhone.Build.0 = Debug|Any CPU
		{BB59A9CC-45F4-4E57-9523-3156BFD77FBA}.Debug|iPhone.Deploy.0 = Debug|Any CPU
		{BB59A9CC-45F4-4E57-9523-3156BFD77FBA}.Debug|iPhoneSimulator.ActiveCfg = Debug|Any CPU
		{BB59A9CC-45F4-4E57-9523-3156BFD77FBA}.Debug|iPhoneSimulator.Build.0 = Debug|Any CPU
		{BB59A9CC-45F4-4E57-9523-3156BFD77FBA}.Debug|iPhoneSimulator.Deploy.0 = Debug|Any CPU
		{BB59A9CC-45F4-4E57-9523-3156BFD77FBA}.Debug|x64.ActiveCfg = Debug|Any CPU
		{BB59A9CC-45F4-4E57-9523-3156BFD77FBA}.Debug|x64.Build.0 = Debug|Any CPU
		{BB59A9CC-45F4-4E57-9523-3156BFD77FBA}.Debug|x64.Deploy.0 = Debug|Any CPU
		{BB59A9CC-45F4-4E57-9523-3156BFD77FBA}.Debug|x86.ActiveCfg = Debug|Any CPU
		{BB59A9CC-45F4-4E57-9523-3156BFD77FBA}.Debug|x86.Build.0 = Debug|Any CPU
		{BB59A9CC-45F4-4E57-9523-3156BFD77FBA}.Debug|x86.Deploy.0 = Debug|Any CPU
		{BB59A9CC-45F4-4E57-9523-3156BFD77FBA}.Release|Any CPU.ActiveCfg = Release|Any CPU
		{BB59A9CC-45F4-4E57-9523-3156BFD77FBA}.Release|Any CPU.Build.0 = Release|Any CPU
		{BB59A9CC-45F4-4E57-9523-3156BFD77FBA}.Release|Any CPU.Deploy.0 = Release|Any CPU
		{BB59A9CC-45F4-4E57-9523-3156BFD77FBA}.Release|ARM.ActiveCfg = Release|Any CPU
		{BB59A9CC-45F4-4E57-9523-3156BFD77FBA}.Release|ARM.Build.0 = Release|Any CPU
		{BB59A9CC-45F4-4E57-9523-3156BFD77FBA}.Release|ARM.Deploy.0 = Release|Any CPU
		{BB59A9CC-45F4-4E57-9523-3156BFD77FBA}.Release|iPhone.ActiveCfg = Release|Any CPU
		{BB59A9CC-45F4-4E57-9523-3156BFD77FBA}.Release|iPhone.Build.0 = Release|Any CPU
		{BB59A9CC-45F4-4E57-9523-3156BFD77FBA}.Release|iPhone.Deploy.0 = Release|Any CPU
		{BB59A9CC-45F4-4E57-9523-3156BFD77FBA}.Release|iPhoneSimulator.ActiveCfg = Release|Any CPU
		{BB59A9CC-45F4-4E57-9523-3156BFD77FBA}.Release|iPhoneSimulator.Build.0 = Release|Any CPU
		{BB59A9CC-45F4-4E57-9523-3156BFD77FBA}.Release|iPhoneSimulator.Deploy.0 = Release|Any CPU
		{BB59A9CC-45F4-4E57-9523-3156BFD77FBA}.Release|x64.ActiveCfg = Release|Any CPU
		{BB59A9CC-45F4-4E57-9523-3156BFD77FBA}.Release|x64.Build.0 = Release|Any CPU
		{BB59A9CC-45F4-4E57-9523-3156BFD77FBA}.Release|x64.Deploy.0 = Release|Any CPU
		{BB59A9CC-45F4-4E57-9523-3156BFD77FBA}.Release|x86.ActiveCfg = Release|Any CPU
		{BB59A9CC-45F4-4E57-9523-3156BFD77FBA}.Release|x86.Build.0 = Release|Any CPU
		{BB59A9CC-45F4-4E57-9523-3156BFD77FBA}.Release|x86.Deploy.0 = Release|Any CPU
		{9B3CEC68-71D7-47D2-825A-9332A5356608}.Debug|Any CPU.ActiveCfg = Debug|Any CPU
		{9B3CEC68-71D7-47D2-825A-9332A5356608}.Debug|Any CPU.Build.0 = Debug|Any CPU
		{9B3CEC68-71D7-47D2-825A-9332A5356608}.Debug|Any CPU.Deploy.0 = Debug|Any CPU
		{9B3CEC68-71D7-47D2-825A-9332A5356608}.Debug|ARM.ActiveCfg = Debug|Any CPU
		{9B3CEC68-71D7-47D2-825A-9332A5356608}.Debug|ARM.Build.0 = Debug|Any CPU
		{9B3CEC68-71D7-47D2-825A-9332A5356608}.Debug|ARM.Deploy.0 = Debug|Any CPU
		{9B3CEC68-71D7-47D2-825A-9332A5356608}.Debug|iPhone.ActiveCfg = Debug|Any CPU
		{9B3CEC68-71D7-47D2-825A-9332A5356608}.Debug|iPhone.Build.0 = Debug|Any CPU
		{9B3CEC68-71D7-47D2-825A-9332A5356608}.Debug|iPhone.Deploy.0 = Debug|Any CPU
		{9B3CEC68-71D7-47D2-825A-9332A5356608}.Debug|iPhoneSimulator.ActiveCfg = Debug|Any CPU
		{9B3CEC68-71D7-47D2-825A-9332A5356608}.Debug|iPhoneSimulator.Build.0 = Debug|Any CPU
		{9B3CEC68-71D7-47D2-825A-9332A5356608}.Debug|iPhoneSimulator.Deploy.0 = Debug|Any CPU
		{9B3CEC68-71D7-47D2-825A-9332A5356608}.Debug|x64.ActiveCfg = Debug|Any CPU
		{9B3CEC68-71D7-47D2-825A-9332A5356608}.Debug|x64.Build.0 = Debug|Any CPU
		{9B3CEC68-71D7-47D2-825A-9332A5356608}.Debug|x64.Deploy.0 = Debug|Any CPU
		{9B3CEC68-71D7-47D2-825A-9332A5356608}.Debug|x86.ActiveCfg = Debug|Any CPU
		{9B3CEC68-71D7-47D2-825A-9332A5356608}.Debug|x86.Build.0 = Debug|Any CPU
		{9B3CEC68-71D7-47D2-825A-9332A5356608}.Debug|x86.Deploy.0 = Debug|Any CPU
		{9B3CEC68-71D7-47D2-825A-9332A5356608}.Release|Any CPU.ActiveCfg = Release|Any CPU
		{9B3CEC68-71D7-47D2-825A-9332A5356608}.Release|Any CPU.Build.0 = Release|Any CPU
		{9B3CEC68-71D7-47D2-825A-9332A5356608}.Release|Any CPU.Deploy.0 = Release|Any CPU
		{9B3CEC68-71D7-47D2-825A-9332A5356608}.Release|ARM.ActiveCfg = Release|Any CPU
		{9B3CEC68-71D7-47D2-825A-9332A5356608}.Release|ARM.Build.0 = Release|Any CPU
		{9B3CEC68-71D7-47D2-825A-9332A5356608}.Release|ARM.Deploy.0 = Release|Any CPU
		{9B3CEC68-71D7-47D2-825A-9332A5356608}.Release|iPhone.ActiveCfg = Release|Any CPU
		{9B3CEC68-71D7-47D2-825A-9332A5356608}.Release|iPhone.Build.0 = Release|Any CPU
		{9B3CEC68-71D7-47D2-825A-9332A5356608}.Release|iPhone.Deploy.0 = Release|Any CPU
		{9B3CEC68-71D7-47D2-825A-9332A5356608}.Release|iPhoneSimulator.ActiveCfg = Release|Any CPU
		{9B3CEC68-71D7-47D2-825A-9332A5356608}.Release|iPhoneSimulator.Build.0 = Release|Any CPU
		{9B3CEC68-71D7-47D2-825A-9332A5356608}.Release|iPhoneSimulator.Deploy.0 = Release|Any CPU
		{9B3CEC68-71D7-47D2-825A-9332A5356608}.Release|x64.ActiveCfg = Release|Any CPU
		{9B3CEC68-71D7-47D2-825A-9332A5356608}.Release|x64.Build.0 = Release|Any CPU
		{9B3CEC68-71D7-47D2-825A-9332A5356608}.Release|x64.Deploy.0 = Release|Any CPU
		{9B3CEC68-71D7-47D2-825A-9332A5356608}.Release|x86.ActiveCfg = Release|Any CPU
		{9B3CEC68-71D7-47D2-825A-9332A5356608}.Release|x86.Build.0 = Release|Any CPU
		{9B3CEC68-71D7-47D2-825A-9332A5356608}.Release|x86.Deploy.0 = Release|Any CPU
		{FF4AEDD1-1E4B-400A-9199-E127D85FADBE}.Debug|Any CPU.ActiveCfg = Debug|Any CPU
		{FF4AEDD1-1E4B-400A-9199-E127D85FADBE}.Debug|Any CPU.Build.0 = Debug|Any CPU
		{FF4AEDD1-1E4B-400A-9199-E127D85FADBE}.Debug|Any CPU.Deploy.0 = Debug|Any CPU
		{FF4AEDD1-1E4B-400A-9199-E127D85FADBE}.Debug|ARM.ActiveCfg = Debug|Any CPU
		{FF4AEDD1-1E4B-400A-9199-E127D85FADBE}.Debug|ARM.Build.0 = Debug|Any CPU
		{FF4AEDD1-1E4B-400A-9199-E127D85FADBE}.Debug|ARM.Deploy.0 = Debug|Any CPU
		{FF4AEDD1-1E4B-400A-9199-E127D85FADBE}.Debug|iPhone.ActiveCfg = Debug|Any CPU
		{FF4AEDD1-1E4B-400A-9199-E127D85FADBE}.Debug|iPhone.Build.0 = Debug|Any CPU
		{FF4AEDD1-1E4B-400A-9199-E127D85FADBE}.Debug|iPhone.Deploy.0 = Debug|Any CPU
		{FF4AEDD1-1E4B-400A-9199-E127D85FADBE}.Debug|iPhoneSimulator.ActiveCfg = Debug|Any CPU
		{FF4AEDD1-1E4B-400A-9199-E127D85FADBE}.Debug|iPhoneSimulator.Build.0 = Debug|Any CPU
		{FF4AEDD1-1E4B-400A-9199-E127D85FADBE}.Debug|iPhoneSimulator.Deploy.0 = Debug|Any CPU
		{FF4AEDD1-1E4B-400A-9199-E127D85FADBE}.Debug|x64.ActiveCfg = Debug|Any CPU
		{FF4AEDD1-1E4B-400A-9199-E127D85FADBE}.Debug|x64.Build.0 = Debug|Any CPU
		{FF4AEDD1-1E4B-400A-9199-E127D85FADBE}.Debug|x64.Deploy.0 = Debug|Any CPU
		{FF4AEDD1-1E4B-400A-9199-E127D85FADBE}.Debug|x86.ActiveCfg = Debug|Any CPU
		{FF4AEDD1-1E4B-400A-9199-E127D85FADBE}.Debug|x86.Build.0 = Debug|Any CPU
		{FF4AEDD1-1E4B-400A-9199-E127D85FADBE}.Debug|x86.Deploy.0 = Debug|Any CPU
		{FF4AEDD1-1E4B-400A-9199-E127D85FADBE}.Release|Any CPU.ActiveCfg = Release|Any CPU
		{FF4AEDD1-1E4B-400A-9199-E127D85FADBE}.Release|Any CPU.Build.0 = Release|Any CPU
		{FF4AEDD1-1E4B-400A-9199-E127D85FADBE}.Release|Any CPU.Deploy.0 = Release|Any CPU
		{FF4AEDD1-1E4B-400A-9199-E127D85FADBE}.Release|ARM.ActiveCfg = Release|Any CPU
		{FF4AEDD1-1E4B-400A-9199-E127D85FADBE}.Release|ARM.Build.0 = Release|Any CPU
		{FF4AEDD1-1E4B-400A-9199-E127D85FADBE}.Release|ARM.Deploy.0 = Release|Any CPU
		{FF4AEDD1-1E4B-400A-9199-E127D85FADBE}.Release|iPhone.ActiveCfg = Release|Any CPU
		{FF4AEDD1-1E4B-400A-9199-E127D85FADBE}.Release|iPhone.Build.0 = Release|Any CPU
		{FF4AEDD1-1E4B-400A-9199-E127D85FADBE}.Release|iPhone.Deploy.0 = Release|Any CPU
		{FF4AEDD1-1E4B-400A-9199-E127D85FADBE}.Release|iPhoneSimulator.ActiveCfg = Release|Any CPU
		{FF4AEDD1-1E4B-400A-9199-E127D85FADBE}.Release|iPhoneSimulator.Build.0 = Release|Any CPU
		{FF4AEDD1-1E4B-400A-9199-E127D85FADBE}.Release|iPhoneSimulator.Deploy.0 = Release|Any CPU
		{FF4AEDD1-1E4B-400A-9199-E127D85FADBE}.Release|x64.ActiveCfg = Release|Any CPU
		{FF4AEDD1-1E4B-400A-9199-E127D85FADBE}.Release|x64.Build.0 = Release|Any CPU
		{FF4AEDD1-1E4B-400A-9199-E127D85FADBE}.Release|x64.Deploy.0 = Release|Any CPU
		{FF4AEDD1-1E4B-400A-9199-E127D85FADBE}.Release|x86.ActiveCfg = Release|Any CPU
		{FF4AEDD1-1E4B-400A-9199-E127D85FADBE}.Release|x86.Build.0 = Release|Any CPU
		{FF4AEDD1-1E4B-400A-9199-E127D85FADBE}.Release|x86.Deploy.0 = Release|Any CPU
	EndGlobalSection
	GlobalSection(SolutionProperties) = preSolution
		HideSolutionNode = FALSE
	EndGlobalSection
	GlobalSection(ExtensibilityGlobals) = postSolution
		SolutionGuid = {CD4D5A92-8811-44B3-9E08-B39F426CEEAF}
	EndGlobalSection
EndGlobal
